
Microsoft Visual Studio Solution File, Format Version 12.00
# Visual Studio 2013
VisualStudioVersion = 12.0.21005.1
MinimumVisualStudioVersion = 10.0.40219.1
Project("{FAE04EC0-301F-11D3-BF4B-00C04F79EFBC}") = "Collection", "Collection\Collection.csproj", "{A848BC0D-4A31-43BF-96DA-C25182B57E4C}"
EndProject
Project("{FAE04EC0-301F-11D3-BF4B-00C04F79EFBC}") = "CollectionConsole", "CollectionConsole\CollectionConsole.csproj", "{B5CD6397-2DA5-47F5-BCF2-02E79E216806}"
EndProject
Project("{FAE04EC0-301F-11D3-BF4B-00C04F79EFBC}") = "CustomCollections", "CustomCollections\CustomCollections.csproj", "{A6EDFC24-A1B7-4C94-8BC3-CDDDEEB4AF9E}"
EndProject
Project("{FAE04EC0-301F-11D3-BF4B-00C04F79EFBC}") = "BinarySearch", "BinarySearch\BinarySearch.csproj", "{26AA111D-9E4D-487C-887E-642EF50FD57F}"
EndProject
Project("{FAE04EC0-301F-11D3-BF4B-00C04F79EFBC}") = "Fibonacci", "Fibonacci\Fibonacci.csproj", "{8BFB6E73-763E-44CE-98EC-7880FED7B040}"
EndProject
Project("{FAE04EC0-301F-11D3-BF4B-00C04F79EFBC}") = "Matrix", "Matrix\Matrix.csproj", "{82A4DF41-8D75-457C-8EBE-E5318CD59189}"
EndProject
Project("{FAE04EC0-301F-11D3-BF4B-00C04F79EFBC}") = "MatrixUI", "MatrixUI\MatrixUI.csproj", "{B25C9AF9-B5EF-4456-B772-87A094629553}"
EndProject
Project("{FAE04EC0-301F-11D3-BF4B-00C04F79EFBC}") = "Listeners", "Listeners\Listeners.csproj", "{49873E45-32E9-425C-B4BE-C90A27CBAFDF}"
EndProject
Project("{FAE04EC0-301F-11D3-BF4B-00C04F79EFBC}") = "CustomQueueTestProject", "CustomQueueTestProject\CustomQueueTestProject.csproj", "{F0676A7E-EAD2-472E-B1BE-69A47FCC04DA}"
EndProject
Project("{2150E333-8FDC-42A3-9474-1A3956D46DE8}") = "Queue", "Queue", "{2D0EA90C-1AA8-497C-8242-32F3E8DD6EB9}"
EndProject
Project("{2150E333-8FDC-42A3-9474-1A3956D46DE8}") = "Fibonacci Method", "Fibonacci Method", "{6097E7BE-CCC9-412D-84D3-B9C5DC981173}"
EndProject
Project("{2150E333-8FDC-42A3-9474-1A3956D46DE8}") = "Matrix Class", "Matrix Class", "{F7ED5BED-7371-4705-9843-795A28A19C39}"
EndProject
Project("{2150E333-8FDC-42A3-9474-1A3956D46DE8}") = "Search", "Search", "{683C7795-81F9-4224-9BF0-4A64407E2A47}"
EndProject
Project("{FAE04EC0-301F-11D3-BF4B-00C04F79EFBC}") = "SumMatrix", "SumMatrix\SumMatrix.csproj", "{3FED24B1-7512-4718-AB88-AEEA5FFDE4F4}"
EndProject
Project("{FAE04EC0-301F-11D3-BF4B-00C04F79EFBC}") = "BinarySearchUnitTest", "BinarySearchUnitTest\BinarySearchUnitTest.csproj", "{CF1D3849-9691-4C25-BFEE-2F837645BC0F}"
EndProject
Global
	GlobalSection(SolutionConfigurationPlatforms) = preSolution
		Debug|Any CPU = Debug|Any CPU
		Release|Any CPU = Release|Any CPU
	EndGlobalSection
	GlobalSection(ProjectConfigurationPlatforms) = postSolution
		{A848BC0D-4A31-43BF-96DA-C25182B57E4C}.Debug|Any CPU.ActiveCfg = Debug|Any CPU
		{A848BC0D-4A31-43BF-96DA-C25182B57E4C}.Debug|Any CPU.Build.0 = Debug|Any CPU
		{A848BC0D-4A31-43BF-96DA-C25182B57E4C}.Release|Any CPU.ActiveCfg = Release|Any CPU
		{A848BC0D-4A31-43BF-96DA-C25182B57E4C}.Release|Any CPU.Build.0 = Release|Any CPU
		{B5CD6397-2DA5-47F5-BCF2-02E79E216806}.Debug|Any CPU.ActiveCfg = Debug|Any CPU
		{B5CD6397-2DA5-47F5-BCF2-02E79E216806}.Debug|Any CPU.Build.0 = Debug|Any CPU
		{B5CD6397-2DA5-47F5-BCF2-02E79E216806}.Release|Any CPU.ActiveCfg = Release|Any CPU
		{B5CD6397-2DA5-47F5-BCF2-02E79E216806}.Release|Any CPU.Build.0 = Release|Any CPU
		{A6EDFC24-A1B7-4C94-8BC3-CDDDEEB4AF9E}.Debug|Any CPU.ActiveCfg = Debug|Any CPU
		{A6EDFC24-A1B7-4C94-8BC3-CDDDEEB4AF9E}.Debug|Any CPU.Build.0 = Debug|Any CPU
		{A6EDFC24-A1B7-4C94-8BC3-CDDDEEB4AF9E}.Release|Any CPU.ActiveCfg = Release|Any CPU
		{A6EDFC24-A1B7-4C94-8BC3-CDDDEEB4AF9E}.Release|Any CPU.Build.0 = Release|Any CPU
		{26AA111D-9E4D-487C-887E-642EF50FD57F}.Debug|Any CPU.ActiveCfg = Debug|Any CPU
		{26AA111D-9E4D-487C-887E-642EF50FD57F}.Debug|Any CPU.Build.0 = Debug|Any CPU
		{26AA111D-9E4D-487C-887E-642EF50FD57F}.Release|Any CPU.ActiveCfg = Release|Any CPU
		{26AA111D-9E4D-487C-887E-642EF50FD57F}.Release|Any CPU.Build.0 = Release|Any CPU
		{8BFB6E73-763E-44CE-98EC-7880FED7B040}.Debug|Any CPU.ActiveCfg = Debug|Any CPU
		{8BFB6E73-763E-44CE-98EC-7880FED7B040}.Debug|Any CPU.Build.0 = Debug|Any CPU
		{8BFB6E73-763E-44CE-98EC-7880FED7B040}.Release|Any CPU.ActiveCfg = Release|Any CPU
		{8BFB6E73-763E-44CE-98EC-7880FED7B040}.Release|Any CPU.Build.0 = Release|Any CPU
		{82A4DF41-8D75-457C-8EBE-E5318CD59189}.Debug|Any CPU.ActiveCfg = Debug|Any CPU
		{82A4DF41-8D75-457C-8EBE-E5318CD59189}.Debug|Any CPU.Build.0 = Debug|Any CPU
		{82A4DF41-8D75-457C-8EBE-E5318CD59189}.Release|Any CPU.ActiveCfg = Release|Any CPU
		{82A4DF41-8D75-457C-8EBE-E5318CD59189}.Release|Any CPU.Build.0 = Release|Any CPU
		{B25C9AF9-B5EF-4456-B772-87A094629553}.Debug|Any CPU.ActiveCfg = Debug|Any CPU
		{B25C9AF9-B5EF-4456-B772-87A094629553}.Debug|Any CPU.Build.0 = Debug|Any CPU
		{B25C9AF9-B5EF-4456-B772-87A094629553}.Release|Any CPU.ActiveCfg = Release|Any CPU
		{B25C9AF9-B5EF-4456-B772-87A094629553}.Release|Any CPU.Build.0 = Release|Any CPU
		{49873E45-32E9-425C-B4BE-C90A27CBAFDF}.Debug|Any CPU.ActiveCfg = Debug|Any CPU
		{49873E45-32E9-425C-B4BE-C90A27CBAFDF}.Debug|Any CPU.Build.0 = Debug|Any CPU
		{49873E45-32E9-425C-B4BE-C90A27CBAFDF}.Release|Any CPU.ActiveCfg = Release|Any CPU
		{49873E45-32E9-425C-B4BE-C90A27CBAFDF}.Release|Any CPU.Build.0 = Release|Any CPU
		{F0676A7E-EAD2-472E-B1BE-69A47FCC04DA}.Debug|Any CPU.ActiveCfg = Debug|Any CPU
		{F0676A7E-EAD2-472E-B1BE-69A47FCC04DA}.Debug|Any CPU.Build.0 = Debug|Any CPU
		{F0676A7E-EAD2-472E-B1BE-69A47FCC04DA}.Release|Any CPU.ActiveCfg = Release|Any CPU
		{F0676A7E-EAD2-472E-B1BE-69A47FCC04DA}.Release|Any CPU.Build.0 = Release|Any CPU
		{3FED24B1-7512-4718-AB88-AEEA5FFDE4F4}.Debug|Any CPU.ActiveCfg = Debug|Any CPU
		{3FED24B1-7512-4718-AB88-AEEA5FFDE4F4}.Debug|Any CPU.Build.0 = Debug|Any CPU
		{3FED24B1-7512-4718-AB88-AEEA5FFDE4F4}.Release|Any CPU.ActiveCfg = Release|Any CPU
		{3FED24B1-7512-4718-AB88-AEEA5FFDE4F4}.Release|Any CPU.Build.0 = Release|Any CPU
		{CF1D3849-9691-4C25-BFEE-2F837645BC0F}.Debug|Any CPU.ActiveCfg = Debug|Any CPU
		{CF1D3849-9691-4C25-BFEE-2F837645BC0F}.Debug|Any CPU.Build.0 = Debug|Any CPU
		{CF1D3849-9691-4C25-BFEE-2F837645BC0F}.Release|Any CPU.ActiveCfg = Release|Any CPU
		{CF1D3849-9691-4C25-BFEE-2F837645BC0F}.Release|Any CPU.Build.0 = Release|Any CPU
	EndGlobalSection
	GlobalSection(SolutionProperties) = preSolution
		HideSolutionNode = FALSE
	EndGlobalSection
	GlobalSection(NestedProjects) = preSolution
		{F0676A7E-EAD2-472E-B1BE-69A47FCC04DA} = {2D0EA90C-1AA8-497C-8242-32F3E8DD6EB9}
		{A6EDFC24-A1B7-4C94-8BC3-CDDDEEB4AF9E} = {2D0EA90C-1AA8-497C-8242-32F3E8DD6EB9}
		{26AA111D-9E4D-487C-887E-642EF50FD57F} = {683C7795-81F9-4224-9BF0-4A64407E2A47}
		{CF1D3849-9691-4C25-BFEE-2F837645BC0F} = {683C7795-81F9-4224-9BF0-4A64407E2A47}
		{8BFB6E73-763E-44CE-98EC-7880FED7B040} = {6097E7BE-CCC9-412D-84D3-B9C5DC981173}
		{B25C9AF9-B5EF-4456-B772-87A094629553} = {F7ED5BED-7371-4705-9843-795A28A19C39}
		{49873E45-32E9-425C-B4BE-C90A27CBAFDF} = {F7ED5BED-7371-4705-9843-795A28A19C39}
		{82A4DF41-8D75-457C-8EBE-E5318CD59189} = {F7ED5BED-7371-4705-9843-795A28A19C39}
		{3FED24B1-7512-4718-AB88-AEEA5FFDE4F4} = {F7ED5BED-7371-4705-9843-795A28A19C39}
	EndGlobalSection
EndGlobal
